# THIS IS AN AUTOGENERATED FILE. DO NOT EDIT THIS FILE DIRECTLY.
# yarn lockfile v1


"@octokit/auth-token@^6.0.0":
  version "6.0.0"
  resolved "https://registry.yarnpkg.com/@octokit/auth-token/-/auth-token-6.0.0.tgz#b02e9c08a2d8937df09a2a981f226ad219174c53"
  integrity sha512-P4YJBPdPSpWTQ1NU4XYdvHvXJJDxM6YwpS0FZHRgP7YFkdVxsWcpWGy/NVqlAA7PcPCnMacXlRm1y2PFZRWL/w==

"@octokit/core@^7.0.2":
  version "7.0.2"
  resolved "https://registry.yarnpkg.com/@octokit/core/-/core-7.0.2.tgz#d5e44841bcb323fa95f7bd1d73ff29046381f1f0"
  integrity sha512-ODsoD39Lq6vR6aBgvjTnA3nZGliknKboc9Gtxr7E4WDNqY24MxANKcuDQSF0jzapvGb3KWOEDrKfve4HoWGK+g==
  dependencies:
    "@octokit/auth-token" "^6.0.0"
    "@octokit/graphql" "^9.0.1"
    "@octokit/request" "^10.0.2"
    "@octokit/request-error" "^7.0.0"
    "@octokit/types" "^14.0.0"
    before-after-hook "^4.0.0"
    universal-user-agent "^7.0.0"

"@octokit/endpoint@^11.0.0":
  version "11.0.0"
  resolved "https://registry.yarnpkg.com/@octokit/endpoint/-/endpoint-11.0.0.tgz#189fcc022721b4c49d0307eea6be3de1cfb53026"
  integrity sha512-hoYicJZaqISMAI3JfaDr1qMNi48OctWuOih1m80bkYow/ayPw6Jj52tqWJ6GEoFTk1gBqfanSoI1iY99Z5+ekQ==
  dependencies:
    "@octokit/types" "^14.0.0"
    universal-user-agent "^7.0.2"

"@octokit/graphql@^9.0.1":
  version "9.0.1"
  resolved "https://registry.yarnpkg.com/@octokit/graphql/-/graphql-9.0.1.tgz#eb258fc9981403d2d751720832652c385b6c1613"
  integrity sha512-j1nQNU1ZxNFx2ZtKmL4sMrs4egy5h65OMDmSbVyuCzjOcwsHq6EaYjOTGXPQxgfiN8dJ4CriYHk6zF050WEULg==
  dependencies:
    "@octokit/request" "^10.0.2"
    "@octokit/types" "^14.0.0"
    universal-user-agent "^7.0.0"

"@octokit/openapi-types@^25.1.0":
  version "25.1.0"
  resolved "https://registry.yarnpkg.com/@octokit/openapi-types/-/openapi-types-25.1.0.tgz#5a72a9dfaaba72b5b7db375fd05e90ca90dc9682"
  integrity sha512-idsIggNXUKkk0+BExUn1dQ92sfysJrje03Q0bv0e+KPLrvyqZF8MnBpFz8UNfYDwB3Ie7Z0TByjWfzxt7vseaA==

"@octokit/plugin-paginate-rest@^13.0.1":
  version "13.0.1"
  resolved "https://registry.yarnpkg.com/@octokit/plugin-paginate-rest/-/plugin-paginate-rest-13.0.1.tgz#5ed914064fea62694e7def7bb19bcc8cd17ad504"
  integrity sha512-m1KvHlueScy4mQJWvFDCxFBTIdXS0K1SgFGLmqHyX90mZdCIv6gWBbKRhatxRjhGlONuTK/hztYdaqrTXcFZdQ==
  dependencies:
    "@octokit/types" "^14.1.0"

"@octokit/plugin-request-log@^6.0.0":
  version "6.0.0"
  resolved "https://registry.yarnpkg.com/@octokit/plugin-request-log/-/plugin-request-log-6.0.0.tgz#de1c1e557df6c08adb631bf78264fa741e01b317"
  integrity sha512-UkOzeEN3W91/eBq9sPZNQ7sUBvYCqYbrrD8gTbBuGtHEuycE4/awMXcYvx6sVYo7LypPhmQwwpUe4Yyu4QZN5Q==

"@octokit/plugin-rest-endpoint-methods@^16.0.0":
  version "16.0.0"
  resolved "https://registry.yarnpkg.com/@octokit/plugin-rest-endpoint-methods/-/plugin-rest-endpoint-methods-16.0.0.tgz#ba30ca387fc2ac8bd93cf9f951174736babebd97"
  integrity sha512-kJVUQk6/dx/gRNLWUnAWKFs1kVPn5O5CYZyssyEoNYaFedqZxsfYs7DwI3d67hGz4qOwaJ1dpm07hOAD1BXx6g==
  dependencies:
    "@octokit/types" "^14.1.0"

"@octokit/request-error@^7.0.0":
  version "7.0.0"
  resolved "https://registry.yarnpkg.com/@octokit/request-error/-/request-error-7.0.0.tgz#48ae2cd79008315605d00e83664891a10a5ddb97"
  integrity sha512-KRA7VTGdVyJlh0cP5Tf94hTiYVVqmt2f3I6mnimmaVz4UG3gQV/k4mDJlJv3X67iX6rmN7gSHCF8ssqeMnmhZg==
  dependencies:
    "@octokit/types" "^14.0.0"

"@octokit/request@^10.0.2":
  version "10.0.2"
  resolved "https://registry.yarnpkg.com/@octokit/request/-/request-10.0.2.tgz#29187c12e7320aa56129c42e797d179035b573bb"
  integrity sha512-iYj4SJG/2bbhh+iIpFmG5u49DtJ4lipQ+aPakjL9OKpsGY93wM8w06gvFbEQxcMsZcCvk5th5KkIm2m8o14aWA==
  dependencies:
    "@octokit/endpoint" "^11.0.0"
    "@octokit/request-error" "^7.0.0"
    "@octokit/types" "^14.0.0"
    fast-content-type-parse "^3.0.0"
    universal-user-agent "^7.0.2"

"@octokit/rest@^22.0.0":
  version "22.0.0"
  resolved "https://registry.yarnpkg.com/@octokit/rest/-/rest-22.0.0.tgz#9026f47dacba9c605da3d43cce9432c4c532dc5a"
  integrity sha512-z6tmTu9BTnw51jYGulxrlernpsQYXpui1RK21vmXn8yF5bp6iX16yfTtJYGK5Mh1qDkvDOmp2n8sRMcQmR8jiA==
  dependencies:
    "@octokit/core" "^7.0.2"
    "@octokit/plugin-paginate-rest" "^13.0.1"
    "@octokit/plugin-request-log" "^6.0.0"
    "@octokit/plugin-rest-endpoint-methods" "^16.0.0"

"@octokit/types@^14.0.0", "@octokit/types@^14.1.0":
  version "14.1.0"
  resolved "https://registry.yarnpkg.com/@octokit/types/-/types-14.1.0.tgz#3bf9b3a3e3b5270964a57cc9d98592ed44f840f2"
  integrity sha512-1y6DgTy8Jomcpu33N+p5w58l6xyt55Ar2I91RPiIA0xCJBXyUAhXCcmZaDWSANiha7R9a6qJJ2CRomGPZ6f46g==
  dependencies:
    "@octokit/openapi-types" "^25.1.0"

"@types/node@14.x":
  version "14.14.43"
  resolved "https://registry.yarnpkg.com/@types/node/-/node-14.14.43.tgz#26bcbb0595b305400e8ceaf9a127a7f905ae49c8"
  integrity sha512-3pwDJjp1PWacPTpH0LcfhgjvurQvrZFBrC6xxjaUEZ7ifUtT32jtjPxEMMblpqd2Mvx+k8haqQJLQxolyGN/cQ==

before-after-hook@^4.0.0:
  version "4.0.0"
  resolved "https://registry.yarnpkg.com/before-after-hook/-/before-after-hook-4.0.0.tgz#cf1447ab9160df6a40f3621da64d6ffc36050cb9"
  integrity sha512-q6tR3RPqIB1pMiTRMFcZwuG5T8vwp+vUvEG0vuI6B+Rikh5BfPp2fQ82c925FOs+b0lcFQ8CFrL+KbilfZFhOQ==

fast-content-type-parse@^3.0.0:
  version "3.0.0"
  resolved "https://registry.yarnpkg.com/fast-content-type-parse/-/fast-content-type-parse-3.0.0.tgz#5590b6c807cc598be125e6740a9fde589d2b7afb"
  integrity sha512-ZvLdcY8P+N8mGQJahJV5G4U88CSvT1rP8ApL6uETe88MBXrBHAkZlSEySdUlyztF7ccb+Znos3TFqaepHxdhBg==

tunnel@^0.0.6:
  version "0.0.6"
  resolved "https://registry.yarnpkg.com/tunnel/-/tunnel-0.0.6.tgz#72f1314b34a5b192db012324df2cc587ca47f92c"
  integrity sha512-1h/Lnq9yajKY2PEbBadPXj3VxsDDu844OnaAo52UVmIzIvwwtBPIuNvkjuzBlTWpfJyUbG3ez0KSBibQkj4ojg==

universal-user-agent@^7.0.0, universal-user-agent@^7.0.2:
  version "7.0.3"
  resolved "https://registry.yarnpkg.com/universal-user-agent/-/universal-user-agent-7.0.3.tgz#c05870a58125a2dc00431f2df815a77fe69736be"
  integrity sha512-TmnEAEAsBJVZM/AADELsK76llnwcf9vMKuPz8JflO1frO8Lchitr0fNaN9d+Ap0BjKtqWqd/J17qeDnXh8CL2A==

vscode-nls@^4.1.2:
  version "4.1.2"
  resolved "https://registry.yarnpkg.com/vscode-nls/-/vscode-nls-4.1.2.tgz#ca8bf8bb82a0987b32801f9fddfdd2fb9fd3c167"
  integrity sha512-7bOHxPsfyuCqmP+hZXscLhiHwe7CSuFE4hyhbs22xPIhQ4jv99FcR4eBzfYYVLP356HNFpdvz63FFb/xw6T4Iw==
