# THIS IS AN AUTOGENERATED FILE. DO NOT EDIT THIS FILE DIRECTLY.
# yarn lockfile v1


"@types/node@14.x":
  version "14.14.43"
  resolved "https://registry.yarnpkg.com/@types/node/-/node-14.14.43.tgz#26bcbb0595b305400e8ceaf9a127a7f905ae49c8"
  integrity sha512-3pwDJjp1PWacPTpH0LcfhgjvurQvrZFBrC6xxjaUEZ7ifUtT32jtjPxEMMblpqd2Mvx+k8haqQJLQxolyGN/cQ==

balanced-match@^1.0.0:
  version "1.0.0"
  resolved "https://registry.yarnpkg.com/balanced-match/-/balanced-match-1.0.0.tgz#89b4d199ab2bee49de164ea02b89ce462d71b767"
  integrity sha1-ibTRmasr7kneFk6gK4nORi1xt2c=

brace-expansion@^2.0.1:
  version "2.0.1"
  resolved "https://registry.yarnpkg.com/brace-expansion/-/brace-expansion-2.0.1.tgz#1edc459e0f0c548486ecf9fc99f2221364b9a0ae"
  integrity sha512-XnAIvQ8eM+kC6aULx6wuQiwVsnzsi9d3WxzV3FpWTGA19F621kwdbsAcFKXgKUHZWsy+mY6iL1sHTxWEFCytDA==
  dependencies:
    balanced-match "^1.0.0"

minimatch@^5.1.0:
  version "5.1.6"
  resolved "https://registry.yarnpkg.com/minimatch/-/minimatch-5.1.6.tgz#1cfcb8cf5522ea69952cd2af95ae09477f122a96"
  integrity sha512-lKwV/1brpG6mBUFHtb7NUmtABCb2WZZmm2wNiOA5hAb8VdCS4B3dtMWyvcoViccwAW/COERjXLt0zP1zXUN26g==
  dependencies:
    brace-expansion "^2.0.1"

semver@^7.3.7:
  version "7.6.3"
  resolved "https://registry.yarnpkg.com/semver/-/semver-7.6.3.tgz#980f7b5550bc175fb4dc09403085627f9eb33143"
  integrity sha512-oVekP1cKtI+CTDvHWYFUcMtsK/00wmAEfyqKfNdARm8u1wNVhSgaX7A8d4UuIlUI5e84iEwOhs7ZPYRmzU9U6A==

vscode-jsonrpc@8.1.0:
  version "8.1.0"
  resolved "https://registry.yarnpkg.com/vscode-jsonrpc/-/vscode-jsonrpc-8.1.0.tgz#cb9989c65e219e18533cc38e767611272d274c94"
  integrity sha512-6TDy/abTQk+zDGYazgbIPc+4JoXdwC8NHU9Pbn4UJP1fehUyZmM4RHp5IthX7A6L5KS30PRui+j+tbbMMMafdw==

vscode-languageclient@^8.1.0:
  version "8.1.0"
  resolved "https://registry.yarnpkg.com/vscode-languageclient/-/vscode-languageclient-8.1.0.tgz#3e67d5d841481ac66ddbdaa55b4118742f6a9f3f"
  integrity sha512-GL4QdbYUF/XxQlAsvYWZRV3V34kOkpRlvV60/72ghHfsYFnS/v2MANZ9P6sHmxFcZKOse8O+L9G7Czg0NUWing==
  dependencies:
    minimatch "^5.1.0"
    semver "^7.3.7"
    vscode-languageserver-protocol "3.17.3"

vscode-languageserver-protocol@3.17.3:
  version "3.17.3"
  resolved "https://registry.yarnpkg.com/vscode-languageserver-protocol/-/vscode-languageserver-protocol-3.17.3.tgz#6d0d54da093f0c0ee3060b81612cce0f11060d57"
  integrity sha512-924/h0AqsMtA5yK22GgMtCYiMdCOtWTSGgUOkgEDX+wk2b0x4sAfLiO4NxBxqbiVtz7K7/1/RgVrVI0NClZwqA==
  dependencies:
    vscode-jsonrpc "8.1.0"
    vscode-languageserver-types "3.17.3"

vscode-languageserver-types@3.17.3:
  version "3.17.3"
  resolved "https://registry.yarnpkg.com/vscode-languageserver-types/-/vscode-languageserver-types-3.17.3.tgz#72d05e47b73be93acb84d6e311b5786390f13f64"
  integrity sha512-SYU4z1dL0PyIMd4Vj8YOqFvHu7Hz/enbWtpfnVbJHU4Nd1YNYx8u0ennumc6h48GQNeOLxmwySmnADouT/AuZA==

vscode-nls@^5.0.0:
  version "5.0.0"
  resolved "https://registry.yarnpkg.com/vscode-nls/-/vscode-nls-5.0.0.tgz#99f0da0bd9ea7cda44e565a74c54b1f2bc257840"
  integrity sha512-u0Lw+IYlgbEJFF6/qAqG2d1jQmJl0eyAGJHoAJqr2HT4M2BNuQYSEiSE75f52pXHSJm8AlTjnLLbBFPrdz2hpA==

vscode-uri@^3.0.2:
  version "3.0.2"
  resolved "https://registry.yarnpkg.com/vscode-uri/-/vscode-uri-3.0.2.tgz#ecfd1d066cb8ef4c3a208decdbab9a8c23d055d0"
  integrity sha512-jkjy6pjU1fxUvI51P+gCsxg1u2n8LSt0W6KrCNQceaziKzff74GoWmjVG46KieVzybO1sttPQmYfrwSHey7GUA==
